// !$*UTF8*$!
{
	archiveVersion = 1;
	classes = {
	};
	objectVersion = 46;
	objects = {

/* Begin PBXBuildFile section */
		AD0BEF981EA48102007B1731 /* AppDelegate.swift in Sources */ = {isa = PBXBuildFile; fileRef = AD0BEF971EA48102007B1731 /* AppDelegate.swift */; };
		AD0BEF9A1EA48102007B1731 /* ViewController.swift in Sources */ = {isa = PBXBuildFile; fileRef = AD0BEF991EA48102007B1731 /* ViewController.swift */; };
		AD0BEF9D1EA48102007B1731 /* Main.storyboard in Resources */ = {isa = PBXBuildFile; fileRef = AD0BEF9B1EA48102007B1731 /* Main.storyboard */; };
		AD0BEF9F1EA48102007B1731 /* Assets.xcassets in Resources */ = {isa = PBXBuildFile; fileRef = AD0BEF9E1EA48102007B1731 /* Assets.xcassets */; };
		AD0BEFA21EA48102007B1731 /* LaunchScreen.storyboard in Resources */ = {isa = PBXBuildFile; fileRef = AD0BEFA01EA48102007B1731 /* LaunchScreen.storyboard */; };
		AD0BEFAA1EA4B917007B1731 /* .gitignore in Resources */ = {isa = PBXBuildFile; fileRef = AD0BEFA91EA4B917007B1731 /* .gitignore */; };
/* End PBXBuildFile section */

/* Begin PBXFileReference section */
		AD0BEF941EA48102007B1731 /* DemoImGScrollView.app */ = {isa = PBXFileReference; explicitFileType = wrapper.application; includeInIndex = 0; path = DemoImGScrollView.app; sourceTree = BUILT_PRODUCTS_DIR; };
		AD0BEF971EA48102007B1731 /* AppDelegate.swift */ = {isa = PBXFileReference; lastKnownFileType = sourcecode.swift; path = AppDelegate.swift; sourceTree = "<group>"; };
		AD0BEF991EA48102007B1731 /* ViewController.swift */ = {isa = PBXFileReference; lastKnownFileType = sourcecode.swift; path = ViewController.swift; sourceTree = "<group>"; };
		AD0BEF9C1EA48102007B1731 /* Base */ = {isa = PBXFileReference; lastKnownFileType = file.storyboard; name = Base; path = Base.lproj/Main.storyboard; sourceTree = "<group>"; };
		AD0BEF9E1EA48102007B1731 /* Assets.xcassets */ = {isa = PBXFileReference; lastKnownFileType = folder.assetcatalog; path = Assets.xcassets; sourceTree = "<group>"; };
		AD0BEFA11EA48102007B1731 /* Base */ = {isa = PBXFileReference; lastKnownFileType = file.storyboard; name = Base; path = Base.lproj/LaunchScreen.storyboard; sourceTree = "<group>"; };
		AD0BEFA31EA48103007B1731 /* Info.plist */ = {isa = PBXFileReference; lastKnownFileType = text.plist.xml; path = Info.plist; sourceTree = "<group>"; };
		AD0BEFA91EA4B917007B1731 /* .gitignore */ = {isa = PBXFileReference; fileEncoding = 4; lastKnownFileType = text; path = .gitignore; sourceTree = "<group>"; };
/* End PBXFileReference section */

/* Begin PBXFrameworksBuildPhase section */
		AD0BEF911EA48101007B1731 /* Frameworks */ = {
			isa = PBXFrameworksBuildPhase;
			buildActionMask = 2147483647;
			files = (
			);
			runOnlyForDeploymentPostprocessing = 0;
		};
/* End PBXFrameworksBuildPhase section */

/* Begin PBXGroup section */
		AD0BEF8B1EA48101007B1731 = {
			isa = PBXGroup;
			children = (
				AD0BEFA91EA4B917007B1731 /* .gitignore */,
				AD0BEF961EA48102007B1731 /* DemoImGScrollView */,
				AD0BEF951EA48102007B1731 /* Products */,
			);
			sourceTree = "<group>";
		};
		AD0BEF951EA48102007B1731 /* Products */ = {
			isa = PBXGroup;
			children = (
				AD0BEF941EA48102007B1731 /* DemoImGScrollView.app */,
			);
			name = Products;
			sourceTree = "<group>";
		};
		AD0BEF961EA48102007B1731 /* DemoImGScrollView */ = {
			isa = PBXGroup;
			children = (
				AD0BEF971EA48102007B1731 /* AppDelegate.swift */,
				AD0BEF991EA48102007B1731 /* ViewController.swift */,
				AD0BEF9B1EA48102007B1731 /* Main.storyboard */,
				AD0BEF9E1EA48102007B1731 /* Assets.xcassets */,
				AD0BEFA01EA48102007B1731 /* LaunchScreen.storyboard */,
				AD0BEFA31EA48103007B1731 /* Info.plist */,
			);
			path = DemoImGScrollView;
			sourceTree = "<group>";
		};
/* End PBXGroup section */

/* Begin PBXNativeTarget section */
		AD0BEF931EA48101007B1731 /* DemoImGScrollView */ = {
			isa = PBXNativeTarget;
			buildConfigurationList = AD0BEFA61EA48103007B1731 /* Build configuration list for PBXNativeTarget "DemoImGScrollView" */;
			buildPhases = (
				AD0BEF901EA48101007B1731 /* Sources */,
				AD0BEF911EA48101007B1731 /* Frameworks */,
				AD0BEF921EA48101007B1731 /* Resources */,
			);
			buildRules = (
			);
			dependencies = (
			);
			name = DemoImGScrollView;
			productName = DemoImGScrollView;
			productReference = AD0BEF941EA48102007B1731 /* DemoImGScrollView.app */;
			productType = "com.apple.product-type.application";
		};
/* End PBXNativeTarget section */

/* Begin PBXProject section */
		AD0BEF8C1EA48101007B1731 /* Project object */ = {
			isa = PBXProject;
			attributes = {
				LastSwiftUpdateCheck = 0800;
				LastUpgradeCheck = 0800;
				ORGANIZATIONNAME = Raybiztech;
				TargetAttributes = {
					AD0BEF931EA48101007B1731 = {
						CreatedOnToolsVersion = 8.0;
						ProvisioningStyle = Automatic;
					};
				};
			};
			buildConfigurationList = AD0BEF8F1EA48101007B1731 /* Build configuration list for PBXProject "DemoImGScrollView" */;
			compatibilityVersion = "Xcode 3.2";
			developmentRegion = English;
			hasScannedForEncodings = 0;
			knownRegions = (
				en,
				Base,
			);
			mainGroup = AD0BEF8B1EA48101007B1731;
			productRefGroup = AD0BEF951EA48102007B1731 /* Products */;
			projectDirPath = "";
			projectRoot = "";
			targets = (
				AD0BEF931EA48101007B1731 /* DemoImGScrollView */,
			);
		};
/* End PBXProject section */

/* Begin PBXResourcesBuildPhase section */
		AD0BEF921EA48101007B1731 /* Resources */ = {
			isa = PBXResourcesBuildPhase;
			buildActionMask = 2147483647;
			files = (
				AD0BEFAA1EA4B917007B1731 /* .gitignore in Resources */,
				AD0BEFA21EA48102007B1731 /* LaunchScreen.storyboard in Resources */,
				AD0BEF9F1EA48102007B1731 /* Assets.xcassets in Resources */,
				AD0BEF9D1EA48102007B1731 /* Main.storyboard in Resources */,
			);
			runOnlyForDeploymentPostprocessing = 0;
		};
/* End PBXResourcesBuildPhase section */

/* Begin PBXSourcesBuildPhase section */
		AD0BEF901EA48101007B1731 /* Sources */ = {
			isa = PBXSourcesBuildPhase;
			buildActionMask = 2147483647;
			files = (
				AD0BEF9A1EA48102007B1731 /* ViewController.swift in Sources */,
				AD0BEF981EA48102007B1731 /* AppDelegate.swift in Sources */,
			);
			runOnlyForDeploymentPostprocessing = 0;
		};
/* End PBXSourcesBuildPhase section */

/* Begin PBXVariantGroup section */
		AD0BEF9B1EA48102007B1731 /* Main.storyboard */ = {
			isa = PBXVariantGroup;
			children = (
				AD0BEF9C1EA48102007B1731 /* Base */,
			);
			name = Main.storyboard;
			sourceTree = "<group>";
		};
		AD0BEFA01EA48102007B1731 /* LaunchScreen.storyboard */ = {
			isa = PBXVariantGroup;
			children = (
				AD0BEFA11EA48102007B1731 /* Base */,
			);
			name = LaunchScreen.storyboard;
			sourceTree = "<group>";
		};
/* End PBXVariantGroup section */

/* Begin XCBuildConfiguration section */
		AD0BEFA41EA48103007B1731 /* Debug */ = {
			isa = XCBuildConfiguration;
			buildSettings = {
				ALWAYS_SEARCH_USER_PATHS = NO;
				CLANG_ANALYZER_NONNULL = YES;
				CLANG_CXX_LANGUAGE_STANDARD = "gnu++0x";
				CLANG_CXX_LIBRARY = "libc++";
				CLANG_ENABLE_MODULES = YES;
				CLANG_ENABLE_OBJC_ARC = YES;
				CLANG_WARN_BOOL_CONVERSION = YES;
				CLANG_WARN_CONSTANT_CONVERSION = YES;
				CLANG_WARN_DIRECT_OBJC_ISA_USAGE = YES_ERROR;
				CLANG_WARN_DOCUMENTATION_COMMENTS = YES;
				CLANG_WARN_EMPTY_BODY = YES;
				CLANG_WARN_ENUM_CONVERSION = YES;
				CLANG_WARN_INFINITE_RECURSION = YES;
				CLANG_WARN_INT_CONVERSION = YES;
				CLANG_WARN_OBJC_ROOT_CLASS = YES_ERROR;
				CLANG_WARN_SUSPICIOUS_MOVES = YES;
				CLANG_WARN_UNREACHABLE_CODE = YES;
				CLANG_WARN__DUPLICATE_METHOD_MATCH = YES;
				"CODE_SIGN_IDENTITY[sdk=iphoneos*]" = "iPhone Developer";
				COPY_PHASE_STRIP = NO;
				DEBUG_INFORMATION_FORMAT = dwarf;
				ENABLE_STRICT_OBJC_MSGSEND = YES;
				ENABLE_TESTABILITY = YES;
				GCC_C_LANGUAGE_STANDARD = gnu99;
				GCC_DYNAMIC_NO_PIC = NO;
				GCC_NO_COMMON_BLOCKS = YES;
				GCC_OPTIMIZATION_LEVEL = 0;
				GCC_PREPROCESSOR_DEFINITIONS = (
					"DEBUG=1",
					"$(inherited)",
				);
				GCC_WARN_64_TO_32_BIT_CONVERSION = YES;
				GCC_WARN_ABOUT_RETURN_TYPE = YES_ERROR;
				GCC_WARN_UNDECLARED_SELECTOR = YES;
				GCC_WARN_UNINITIALIZED_AUTOS = YES_AGGRESSIVE;
				GCC_WARN_UNUSED_FUNCTION = YES;
				GCC_WARN_UNUSED_VARIABLE = YES;
				IPHONEOS_DEPLOYMENT_TARGET = 10.0;
				MTL_ENABLE_DEBUG_INFO = YES;
				ONLY_ACTIVE_ARCH = YES;
				SDKROOT = iphoneos;
				SWIFT_ACTIVE_COMPILATION_CONDITIONS = DEBUG;
				SWIFT_OPTIMIZATION_LEVEL = "-Onone";
				TARGETED_DEVICE_FAMILY = "1,2";
			};
			name = Debug;
		};
		AD0BEFA51EA48103007B1731 /* Release */ = {
			isa = XCBuildConfiguration;
			buildSettings = {
				ALWAYS_SEARCH_USER_PATHS = NO;
				CLANG_ANALYZER_NONNULL = YES;
				CLANG_CXX_LANGUAGE_STANDARD = "gnu++0x";
				CLANG_CXX_LIBRARY = "libc++";
				CLANG_ENABLE_MODULES = YES;
				CLANG_ENABLE_OBJC_ARC = YES;
				CLANG_WARN_BOOL_CONVERSION = YES;
				CLANG_WARN_CONSTANT_CONVERSION = YES;
				CLANG_WARN_DIRECT_OBJC_ISA_USAGE = YES_ERROR;
				CLANG_WARN_DOCUMENTATION_COMMENTS = YES;
				CLANG_WARN_EMPTY_BODY = YES;
				CLANG_WARN_ENUM_CONVERSION = YES;
				CLANG_WARN_INFINITE_RECURSION = YES;
				CLANG_WARN_INT_CONVERSION = YES;
				CLANG_WARN_OBJC_ROOT_CLASS = YES_ERROR;
				CLANG_WARN_SUSPICIOUS_MOVES = YES;
				CLANG_WARN_UNREACHABLE_CODE = YES;
				CLANG_WARN__DUPLICATE_METHOD_MATCH = YES;
				"CODE_SIGN_IDENTITY[sdk=iphoneos*]" = "iPhone Developer";
				COPY_PHASE_STRIP = NO;
				DEBUG_INFORMATION_FORMAT = "dwarf-with-dsym";
				ENABLE_NS_ASSERTIONS = NO;
				ENABLE_STRICT_OBJC_MSGSEND = YES;
				GCC_C_LANGUAGE_STANDARD = gnu99;
				GCC_NO_COMMON_BLOCKS = YES;
				GCC_WARN_64_TO_32_BIT_CONVERSION = YES;
				GCC_WARN_ABOUT_RETURN_TYPE = YES_ERROR;
				GCC_WARN_UNDECLARED_SELECTOR = YES;
				GCC_WARN_UNINITIALIZED_AUTOS = YES_AGGRESSIVE;
				GCC_WARN_UNUSED_FUNCTION = YES;
				GCC_WARN_UNUSED_VARIABLE = YES;
				IPHONEOS_DEPLOYMENT_TARGET = 10.0;
				MTL_ENABLE_DEBUG_INFO = NO;
				SDKROOT = iphoneos;
				SWIFT_OPTIMIZATION_LEVEL = "-Owholemodule";
				TARGETED_DEVICE_FAMILY = "1,2";
				VALIDATE_PRODUCT = YES;
			};
			name = Release;
		};
		AD0BEFA71EA48103007B1731 /* Debug */ = {
			isa = XCBuildConfiguration;
			buildSettings = {
				ASSETCATALOG_COMPILER_APPICON_NAME = AppIcon;
				INFOPLIST_FILE = DemoImGScrollView/Info.plist;
				LD_RUNPATH_SEARCH_PATHS = "$(inherited) @executable_path/Frameworks";
				PRODUCT_BUNDLE_IDENTIFIER = com.raybiztech.DemoImGScrollView;
				PRODUCT_NAME = "$(TARGET_NAME)";
				SWIFT_VERSION = 3.0;
			};
			name = Debug;
		};
		AD0BEFA81EA48103007B1731 /* Release */ = {
			isa = XCBuildConfiguration;
			buildSettings = {
				ASSETCATALOG_COMPILER_APPICON_NAME = AppIcon;
				INFOPLIST_FILE = DemoImGScrollView/Info.plist;
				LD_RUNPATH_SEARCH_PATHS = "$(inherited) @executable_path/Frameworks";
				PRODUCT_BUNDLE_IDENTIFIER = com.raybiztech.DemoImGScrollView;
				PRODUCT_NAME = "$(TARGET_NAME)";
				SWIFT_VERSION = 3.0;
			};
			name = Release;
		};
/* End XCBuildConfiguration section */

/* Begin XCConfigurationList section */
		AD0BEF8F1EA48101007B1731 /* Build configuration list for PBXProject "DemoImGScrollView" */ = {
			isa = XCConfigurationList;
			buildConfigurations = (
				AD0BEFA41EA48103007B1731 /* Debug */,
				AD0BEFA51EA48103007B1731 /* Release */,
			);
			defaultConfigurationIsVisible = 0;
			defaultConfigurationName = Release;
		};
		AD0BEFA61EA48103007B1731 /* Build configuration list for PBXNativeTarget "DemoImGScrollView" */ = {
			isa = XCConfigurationList;
			buildConfigurations = (
				AD0BEFA71EA48103007B1731 /* Debug */,
				AD0BEFA81EA48103007B1731 /* Release */,
			);
			defaultConfigurationIsVisible = 0;
		};
/* End XCConfigurationList section */
	};
	rootObject = AD0BEF8C1EA48101007B1731 /* Project object */;
}
